// !$*UTF8*$!
{
	archiveVersion = 1;
	classes = {
	};
	objectVersion = 56;
	objects = {

/* Begin PBXBuildFile section */
		5C268DED2C8950530089C17A /* AppState.swift in Sources */ = {isa = PBXBuildFile; fileRef = 5C268DEC2C8950530089C17A /* AppState.swift */; };
		5C268DF02C8957D20089C17A /* AppLogger.swift in Sources */ = {isa = PBXBuildFile; fileRef = 5C268DEF2C8957D20089C17A /* AppLogger.swift */; };
		5C268DF22C897DC70089C17A /* Util.swift in Sources */ = {isa = PBXBuildFile; fileRef = 5C268DF12C897DC70089C17A /* Util.swift */; };
		5C268DF42C89962C0089C17A /* ImageThumbnailView.swift in Sources */ = {isa = PBXBuildFile; fileRef = 5C268DF32C89962C0089C17A /* ImageThumbnailView.swift */; };
		5CAC9D082C846A4400BCF8FA /* PicasaApp.swift in Sources */ = {isa = PBXBuildFile; fileRef = 5CAC9D072C846A4400BCF8FA /* PicasaApp.swift */; };
		5CAC9D0A2C846A4400BCF8FA /* ContentView.swift in Sources */ = {isa = PBXBuildFile; fileRef = 5CAC9D092C846A4400BCF8FA /* ContentView.swift */; };
		5CAC9D0C2C846A4500BCF8FA /* Assets.xcassets in Resources */ = {isa = PBXBuildFile; fileRef = 5CAC9D0B2C846A4500BCF8FA /* Assets.xcassets */; };
		5CAC9D0F2C846A4500BCF8FA /* Preview Assets.xcassets in Resources */ = {isa = PBXBuildFile; fileRef = 5CAC9D0E2C846A4500BCF8FA /* Preview Assets.xcassets */; };
		5CAC9D182C846AF800BCF8FA /* SDWebImageSwiftUI in Frameworks */ = {isa = PBXBuildFile; productRef = 5CAC9D172C846AF800BCF8FA /* SDWebImageSwiftUI */; };
		5CB03E162C8C6F7500BEF7C1 /* ZoomableScrollView.swift in Sources */ = {isa = PBXBuildFile; fileRef = 5CB03E152C8C6F7500BEF7C1 /* ZoomableScrollView.swift */; };
		5CDEAAE02C8CA72C009D0B68 /* ZoomableImageView.swift in Sources */ = {isa = PBXBuildFile; fileRef = 5CDEAADF2C8CA72C009D0B68 /* ZoomableImageView.swift */; };
		5CDEAAE22C8CA901009D0B68 /* MyScrollableView.swift in Sources */ = {isa = PBXBuildFile; fileRef = 5CDEAAE12C8CA901009D0B68 /* MyScrollableView.swift */; };
/* End PBXBuildFile section */

/* Begin PBXFileReference section */
		5C268DEC2C8950530089C17A /* AppState.swift */ = {isa = PBXFileReference; lastKnownFileType = sourcecode.swift; path = AppState.swift; sourceTree = "<group>"; };
		5C268DEF2C8957D20089C17A /* AppLogger.swift */ = {isa = PBXFileReference; lastKnownFileType = sourcecode.swift; path = AppLogger.swift; sourceTree = "<group>"; };
		5C268DF12C897DC70089C17A /* Util.swift */ = {isa = PBXFileReference; lastKnownFileType = sourcecode.swift; path = Util.swift; sourceTree = "<group>"; };
		5C268DF32C89962C0089C17A /* ImageThumbnailView.swift */ = {isa = PBXFileReference; lastKnownFileType = sourcecode.swift; path = ImageThumbnailView.swift; sourceTree = "<group>"; };
		5CAC9D042C846A4400BCF8FA /* Picasa.app */ = {isa = PBXFileReference; explicitFileType = wrapper.application; includeInIndex = 0; path = Picasa.app; sourceTree = BUILT_PRODUCTS_DIR; };
		5CAC9D072C846A4400BCF8FA /* PicasaApp.swift */ = {isa = PBXFileReference; lastKnownFileType = sourcecode.swift; path = PicasaApp.swift; sourceTree = "<group>"; };
		5CAC9D092C846A4400BCF8FA /* ContentView.swift */ = {isa = PBXFileReference; lastKnownFileType = sourcecode.swift; path = ContentView.swift; sourceTree = "<group>"; };
		5CAC9D0B2C846A4500BCF8FA /* Assets.xcassets */ = {isa = PBXFileReference; lastKnownFileType = folder.assetcatalog; path = Assets.xcassets; sourceTree = "<group>"; };
		5CAC9D0E2C846A4500BCF8FA /* Preview Assets.xcassets */ = {isa = PBXFileReference; lastKnownFileType = folder.assetcatalog; path = "Preview Assets.xcassets"; sourceTree = "<group>"; };
		5CAC9D102C846A4500BCF8FA /* Picasa.entitlements */ = {isa = PBXFileReference; lastKnownFileType = text.plist.entitlements; path = Picasa.entitlements; sourceTree = "<group>"; };
		5CAC9D192C846E5200BCF8FA /* PicasaDebug.entitlements */ = {isa = PBXFileReference; lastKnownFileType = text.plist.entitlements; path = PicasaDebug.entitlements; sourceTree = "<group>"; };
		5CAC9D1A2C84707700BCF8FA /* Info.plist */ = {isa = PBXFileReference; lastKnownFileType = text.plist; path = Info.plist; sourceTree = "<group>"; };
		5CB03E152C8C6F7500BEF7C1 /* ZoomableScrollView.swift */ = {isa = PBXFileReference; lastKnownFileType = sourcecode.swift; path = ZoomableScrollView.swift; sourceTree = "<group>"; };
		5CDEAADF2C8CA72C009D0B68 /* ZoomableImageView.swift */ = {isa = PBXFileReference; lastKnownFileType = sourcecode.swift; path = ZoomableImageView.swift; sourceTree = "<group>"; };
		5CDEAAE12C8CA901009D0B68 /* MyScrollableView.swift */ = {isa = PBXFileReference; lastKnownFileType = sourcecode.swift; path = MyScrollableView.swift; sourceTree = "<group>"; };
/* End PBXFileReference section */

/* Begin PBXFrameworksBuildPhase section */
		5CAC9D012C846A4400BCF8FA /* Frameworks */ = {
			isa = PBXFrameworksBuildPhase;
			buildActionMask = 2147483647;
			files = (
				5CAC9D182C846AF800BCF8FA /* SDWebImageSwiftUI in Frameworks */,
			);
			runOnlyForDeploymentPostprocessing = 0;
		};
/* End PBXFrameworksBuildPhase section */

/* Begin PBXGroup section */
		5C268DEE2C89578C0089C17A /* Shared */ = {
			isa = PBXGroup;
			children = (
				5C268DEF2C8957D20089C17A /* AppLogger.swift */,
				5C268DF12C897DC70089C17A /* Util.swift */,
			);
			path = Shared;
			sourceTree = "<group>";
		};
		5CAC9CFB2C846A4400BCF8FA = {
			isa = PBXGroup;
			children = (
				5CAC9D062C846A4400BCF8FA /* Picasa */,
				5CAC9D052C846A4400BCF8FA /* Products */,
			);
			sourceTree = "<group>";
		};
		5CAC9D052C846A4400BCF8FA /* Products */ = {
			isa = PBXGroup;
			children = (
				5CAC9D042C846A4400BCF8FA /* Picasa.app */,
			);
			name = Products;
			sourceTree = "<group>";
		};
		5CAC9D062C846A4400BCF8FA /* Picasa */ = {
			isa = PBXGroup;
			children = (
				5C268DEE2C89578C0089C17A /* Shared */,
				5CAC9D1A2C84707700BCF8FA /* Info.plist */,
				5CAC9D192C846E5200BCF8FA /* PicasaDebug.entitlements */,
				5CAC9D072C846A4400BCF8FA /* PicasaApp.swift */,
				5C268DEC2C8950530089C17A /* AppState.swift */,
				5CAC9D092C846A4400BCF8FA /* ContentView.swift */,
				5C268DF32C89962C0089C17A /* ImageThumbnailView.swift */,
				5CAC9D0B2C846A4500BCF8FA /* Assets.xcassets */,
				5CDEAADF2C8CA72C009D0B68 /* ZoomableImageView.swift */,
				5CB03E152C8C6F7500BEF7C1 /* ZoomableScrollView.swift */,
				5CDEAAE12C8CA901009D0B68 /* MyScrollableView.swift */,
				5CAC9D102C846A4500BCF8FA /* Picasa.entitlements */,
				5CAC9D0D2C846A4500BCF8FA /* Preview Content */,
			);
			name = Picasa;
			path = /Users/lixu/code/Picasa/Picasa;
			sourceTree = "<absolute>";
		};
		5CAC9D0D2C846A4500BCF8FA /* Preview Content */ = {
			isa = PBXGroup;
			children = (
				5CAC9D0E2C846A4500BCF8FA /* Preview Assets.xcassets */,
			);
			path = "Preview Content";
			sourceTree = "<group>";
		};
/* End PBXGroup section */

/* Begin PBXNativeTarget section */
		5CAC9D032C846A4400BCF8FA /* Picasa */ = {
			isa = PBXNativeTarget;
			buildConfigurationList = 5CAC9D132C846A4500BCF8FA /* Build configuration list for PBXNativeTarget "Picasa" */;
			buildPhases = (
				5CAC9D002C846A4400BCF8FA /* Sources */,
				5CAC9D012C846A4400BCF8FA /* Frameworks */,
				5CAC9D022C846A4400BCF8FA /* Resources */,
			);
			buildRules = (
			);
			dependencies = (
			);
			name = Picasa;
			packageProductDependencies = (
				5CAC9D172C846AF800BCF8FA /* SDWebImageSwiftUI */,
			);
			productName = Picasa;
			productReference = 5CAC9D042C846A4400BCF8FA /* Picasa.app */;
			productType = "com.apple.product-type.application";
		};
/* End PBXNativeTarget section */

/* Begin PBXProject section */
		5CAC9CFC2C846A4400BCF8FA /* Project object */ = {
			isa = PBXProject;
			attributes = {
				BuildIndependentTargetsInParallel = 1;
				KnownAssetTags = (
					New,
				);
				LastSwiftUpdateCheck = 1540;
				LastUpgradeCheck = 1540;
				TargetAttributes = {
					5CAC9D032C846A4400BCF8FA = {
						CreatedOnToolsVersion = 15.4;
					};
				};
			};
			buildConfigurationList = 5CAC9CFF2C846A4400BCF8FA /* Build configuration list for PBXProject "Picasa" */;
			compatibilityVersion = "Xcode 14.0";
			developmentRegion = en;
			hasScannedForEncodings = 0;
			knownRegions = (
				en,
				Base,
			);
			mainGroup = 5CAC9CFB2C846A4400BCF8FA;
			packageReferences = (
				5CAC9D162C846AF800BCF8FA /* XCRemoteSwiftPackageReference "SDWebImageSwiftUI" */,
			);
			productRefGroup = 5CAC9D052C846A4400BCF8FA /* Products */;
			projectDirPath = "";
			projectRoot = "";
			targets = (
				5CAC9D032C846A4400BCF8FA /* Picasa */,
			);
		};
/* End PBXProject section */

/* Begin PBXResourcesBuildPhase section */
		5CAC9D022C846A4400BCF8FA /* Resources */ = {
			isa = PBXResourcesBuildPhase;
			buildActionMask = 2147483647;
			files = (
				5CAC9D0F2C846A4500BCF8FA /* Preview Assets.xcassets in Resources */,
				5CAC9D0C2C846A4500BCF8FA /* Assets.xcassets in Resources */,
			);
			runOnlyForDeploymentPostprocessing = 0;
		};
/* End PBXResourcesBuildPhase section */

/* Begin PBXSourcesBuildPhase section */
		5CAC9D002C846A4400BCF8FA /* Sources */ = {
			isa = PBXSourcesBuildPhase;
			buildActionMask = 2147483647;
			files = (
				5C268DED2C8950530089C17A /* AppState.swift in Sources */,
				5CDEAAE02C8CA72C009D0B68 /* ZoomableImageView.swift in Sources */,
				5CAC9D0A2C846A4400BCF8FA /* ContentView.swift in Sources */,
				5C268DF22C897DC70089C17A /* Util.swift in Sources */,
				5CAC9D082C846A4400BCF8FA /* PicasaApp.swift in Sources */,
				5C268DF02C8957D20089C17A /* AppLogger.swift in Sources */,
				5CDEAAE22C8CA901009D0B68 /* MyScrollableView.swift in Sources */,
				5C268DF42C89962C0089C17A /* ImageThumbnailView.swift in Sources */,
				5CB03E162C8C6F7500BEF7C1 /* ZoomableScrollView.swift in Sources */,
			);
			runOnlyForDeploymentPostprocessing = 0;
		};
/* End PBXSourcesBuildPhase section */

/* Begin XCBuildConfiguration section */
		5CAC9D112C846A4500BCF8FA /* Debug */ = {
			isa = XCBuildConfiguration;
			buildSettings = {
				ALWAYS_SEARCH_USER_PATHS = NO;
				ASSETCATALOG_COMPILER_GENERATE_SWIFT_ASSET_SYMBOL_EXTENSIONS = YES;
				CLANG_ANALYZER_NONNULL = YES;
				CLANG_ANALYZER_NUMBER_OBJECT_CONVERSION = YES_AGGRESSIVE;
				CLANG_CXX_LANGUAGE_STANDARD = "gnu++20";
				CLANG_ENABLE_MODULES = YES;
				CLANG_ENABLE_OBJC_ARC = YES;
				CLANG_ENABLE_OBJC_WEAK = YES;
				CLANG_WARN_BLOCK_CAPTURE_AUTORELEASING = YES;
				CLANG_WARN_BOOL_CONVERSION = YES;
				CLANG_WARN_COMMA = YES;
				CLANG_WARN_CONSTANT_CONVERSION = YES;
				CLANG_WARN_DEPRECATED_OBJC_IMPLEMENTATIONS = YES;
				CLANG_WARN_DIRECT_OBJC_ISA_USAGE = YES_ERROR;
				CLANG_WARN_DOCUMENTATION_COMMENTS = YES;
				CLANG_WARN_EMPTY_BODY = YES;
				CLANG_WARN_ENUM_CONVERSION = YES;
				CLANG_WARN_INFINITE_RECURSION = YES;
				CLANG_WARN_INT_CONVERSION = YES;
				CLANG_WARN_NON_LITERAL_NULL_CONVERSION = YES;
				CLANG_WARN_OBJC_IMPLICIT_RETAIN_SELF = YES;
				CLANG_WARN_OBJC_LITERAL_CONVERSION = YES;
				CLANG_WARN_OBJC_ROOT_CLASS = YES_ERROR;
				CLANG_WARN_QUOTED_INCLUDE_IN_FRAMEWORK_HEADER = YES;
				CLANG_WARN_RANGE_LOOP_ANALYSIS = YES;
				CLANG_WARN_STRICT_PROTOTYPES = YES;
				CLANG_WARN_SUSPICIOUS_MOVE = YES;
				CLANG_WARN_UNGUARDED_AVAILABILITY = YES_AGGRESSIVE;
				CLANG_WARN_UNREACHABLE_CODE = YES;
				CLANG_WARN__DUPLICATE_METHOD_MATCH = YES;
				COPY_PHASE_STRIP = NO;
				DEBUG_INFORMATION_FORMAT = dwarf;
				ENABLE_STRICT_OBJC_MSGSEND = YES;
				ENABLE_TESTABILITY = YES;
				ENABLE_USER_SCRIPT_SANDBOXING = YES;
				GCC_C_LANGUAGE_STANDARD = gnu17;
				GCC_DYNAMIC_NO_PIC = NO;
				GCC_NO_COMMON_BLOCKS = YES;
				GCC_OPTIMIZATION_LEVEL = 0;
				GCC_PREPROCESSOR_DEFINITIONS = (
					"DEBUG=1",
					"$(inherited)",
				);
				GCC_WARN_64_TO_32_BIT_CONVERSION = YES;
				GCC_WARN_ABOUT_RETURN_TYPE = YES_ERROR;
				GCC_WARN_UNDECLARED_SELECTOR = YES;
				GCC_WARN_UNINITIALIZED_AUTOS = YES_AGGRESSIVE;
				GCC_WARN_UNUSED_FUNCTION = YES;
				GCC_WARN_UNUSED_VARIABLE = YES;
				LOCALIZATION_PREFERS_STRING_CATALOGS = YES;
				MACOSX_DEPLOYMENT_TARGET = 14.5;
				MTL_ENABLE_DEBUG_INFO = INCLUDE_SOURCE;
				MTL_FAST_MATH = YES;
				ONLY_ACTIVE_ARCH = YES;
				SDKROOT = macosx;
				SWIFT_ACTIVE_COMPILATION_CONDITIONS = "DEBUG $(inherited)";
				SWIFT_OPTIMIZATION_LEVEL = "-Onone";
			};
			name = Debug;
		};
		5CAC9D122C846A4500BCF8FA /* Release */ = {
			isa = XCBuildConfiguration;
			buildSettings = {
				ALWAYS_SEARCH_USER_PATHS = NO;
				ASSETCATALOG_COMPILER_GENERATE_SWIFT_ASSET_SYMBOL_EXTENSIONS = YES;
				CLANG_ANALYZER_NONNULL = YES;
				CLANG_ANALYZER_NUMBER_OBJECT_CONVERSION = YES_AGGRESSIVE;
				CLANG_CXX_LANGUAGE_STANDARD = "gnu++20";
				CLANG_ENABLE_MODULES = YES;
				CLANG_ENABLE_OBJC_ARC = YES;
				CLANG_ENABLE_OBJC_WEAK = YES;
				CLANG_WARN_BLOCK_CAPTURE_AUTORELEASING = YES;
				CLANG_WARN_BOOL_CONVERSION = YES;
				CLANG_WARN_COMMA = YES;
				CLANG_WARN_CONSTANT_CONVERSION = YES;
				CLANG_WARN_DEPRECATED_OBJC_IMPLEMENTATIONS = YES;
				CLANG_WARN_DIRECT_OBJC_ISA_USAGE = YES_ERROR;
				CLANG_WARN_DOCUMENTATION_COMMENTS = YES;
				CLANG_WARN_EMPTY_BODY = YES;
				CLANG_WARN_ENUM_CONVERSION = YES;
				CLANG_WARN_INFINITE_RECURSION = YES;
				CLANG_WARN_INT_CONVERSION = YES;
				CLANG_WARN_NON_LITERAL_NULL_CONVERSION = YES;
				CLANG_WARN_OBJC_IMPLICIT_RETAIN_SELF = YES;
				CLANG_WARN_OBJC_LITERAL_CONVERSION = YES;
				CLANG_WARN_OBJC_ROOT_CLASS = YES_ERROR;
				CLANG_WARN_QUOTED_INCLUDE_IN_FRAMEWORK_HEADER = YES;
				CLANG_WARN_RANGE_LOOP_ANALYSIS = YES;
				CLANG_WARN_STRICT_PROTOTYPES = YES;
				CLANG_WARN_SUSPICIOUS_MOVE = YES;
				CLANG_WARN_UNGUARDED_AVAILABILITY = YES_AGGRESSIVE;
				CLANG_WARN_UNREACHABLE_CODE = YES;
				CLANG_WARN__DUPLICATE_METHOD_MATCH = YES;
				COPY_PHASE_STRIP = NO;
				DEBUG_INFORMATION_FORMAT = "dwarf-with-dsym";
				ENABLE_NS_ASSERTIONS = NO;
				ENABLE_STRICT_OBJC_MSGSEND = YES;
				ENABLE_USER_SCRIPT_SANDBOXING = YES;
				GCC_C_LANGUAGE_STANDARD = gnu17;
				GCC_NO_COMMON_BLOCKS = YES;
				GCC_WARN_64_TO_32_BIT_CONVERSION = YES;
				GCC_WARN_ABOUT_RETURN_TYPE = YES_ERROR;
				GCC_WARN_UNDECLARED_SELECTOR = YES;
				GCC_WARN_UNINITIALIZED_AUTOS = YES_AGGRESSIVE;
				GCC_WARN_UNUSED_FUNCTION = YES;
				GCC_WARN_UNUSED_VARIABLE = YES;
				LOCALIZATION_PREFERS_STRING_CATALOGS = YES;
				MACOSX_DEPLOYMENT_TARGET = 14.5;
				MTL_ENABLE_DEBUG_INFO = NO;
				MTL_FAST_MATH = YES;
				SDKROOT = macosx;
				SWIFT_COMPILATION_MODE = wholemodule;
			};
			name = Release;
		};
		5CAC9D142C846A4500BCF8FA /* Debug */ = {
			isa = XCBuildConfiguration;
			buildSettings = {
				ASSETCATALOG_COMPILER_APPICON_NAME = AppIcon;
				ASSETCATALOG_COMPILER_GLOBAL_ACCENT_COLOR_NAME = AccentColor;
				ASSETCATALOG_COMPILER_INCLUDE_ALL_APPICON_ASSETS = NO;
				CODE_SIGN_ENTITLEMENTS = Picasa/PicasaDebug.entitlements;
				CODE_SIGN_STYLE = Automatic;
				COMBINE_HIDPI_IMAGES = YES;
				CURRENT_PROJECT_VERSION = 1;
				DEVELOPMENT_ASSET_PATHS = "\"Picasa/Preview Content\"";
				DEVELOPMENT_TEAM = 4L3563XCBN;
				ENABLE_HARDENED_RUNTIME = YES;
				ENABLE_PREVIEWS = YES;
				GENERATE_INFOPLIST_FILE = YES;
				INFOPLIST_FILE = Picasa/Info.plist;
				INFOPLIST_KEY_CFBundleDisplayName = Picasa;
				INFOPLIST_KEY_LSApplicationCategoryType = "public.app-category.utilities";
				INFOPLIST_KEY_NSHumanReadableCopyright = "";
				LD_RUNPATH_SEARCH_PATHS = (
					"$(inherited)",
					"@executable_path/../Frameworks",
				);
				MARKETING_VERSION = 1.0;
				PRODUCT_BUNDLE_IDENTIFIER = cn.wflixu.Picasa;
				PRODUCT_NAME = "$(TARGET_NAME)";
				SWIFT_EMIT_LOC_STRINGS = YES;
				SWIFT_VERSION = 5.0;
			};
			name = Debug;
		};
		5CAC9D152C846A4500BCF8FA /* Release */ = {
			isa = XCBuildConfiguration;
			buildSettings = {
				ASSETCATALOG_COMPILER_APPICON_NAME = AppIcon;
				ASSETCATALOG_COMPILER_GLOBAL_ACCENT_COLOR_NAME = AccentColor;
				ASSETCATALOG_COMPILER_INCLUDE_ALL_APPICON_ASSETS = NO;
				CODE_SIGN_ENTITLEMENTS = Picasa/Picasa.entitlements;
				CODE_SIGN_STYLE = Automatic;
				COMBINE_HIDPI_IMAGES = YES;
				CURRENT_PROJECT_VERSION = 1;
				DEVELOPMENT_ASSET_PATHS = "\"Picasa/Preview Content\"";
				DEVELOPMENT_TEAM = 4L3563XCBN;
				ENABLE_HARDENED_RUNTIME = YES;
				ENABLE_PREVIEWS = YES;
				GENERATE_INFOPLIST_FILE = YES;
				INFOPLIST_FILE = Picasa/Info.plist;
				INFOPLIST_KEY_CFBundleDisplayName = Picasa;
				INFOPLIST_KEY_LSApplicationCategoryType = "public.app-category.utilities";
				INFOPLIST_KEY_NSHumanReadableCopyright = "";
				LD_RUNPATH_SEARCH_PATHS = (
					"$(inherited)",
					"@executable_path/../Frameworks",
				);
				MARKETING_VERSION = 1.0;
				PRODUCT_BUNDLE_IDENTIFIER = cn.wflixu.Picasa;
				PRODUCT_NAME = "$(TARGET_NAME)";
				SWIFT_EMIT_LOC_STRINGS = YES;
				SWIFT_VERSION = 5.0;
			};
			name = Release;
		};
/* End XCBuildConfiguration section */

/* Begin XCConfigurationList section */
		5CAC9CFF2C846A4400BCF8FA /* Build configuration list for PBXProject "Picasa" */ = {
			isa = XCConfigurationList;
			buildConfigurations = (
				5CAC9D112C846A4500BCF8FA /* Debug */,
				5CAC9D122C846A4500BCF8FA /* Release */,
			);
			defaultConfigurationIsVisible = 0;
			defaultConfigurationName = Release;
		};
		5CAC9D132C846A4500BCF8FA /* Build configuration list for PBXNativeTarget "Picasa" */ = {
			isa = XCConfigurationList;
			buildConfigurations = (
				5CAC9D142C846A4500BCF8FA /* Debug */,
				5CAC9D152C846A4500BCF8FA /* Release */,
			);
			defaultConfigurationIsVisible = 0;
			defaultConfigurationName = Release;
		};
/* End XCConfigurationList section */

/* Begin XCRemoteSwiftPackageReference section */
		5CAC9D162C846AF800BCF8FA /* XCRemoteSwiftPackageReference "SDWebImageSwiftUI" */ = {
			isa = XCRemoteSwiftPackageReference;
			repositoryURL = "https://github.com/SDWebImage/SDWebImageSwiftUI.git";
			requirement = {
				kind = upToNextMajorVersion;
				minimumVersion = 3.1.2;
			};
		};
/* End XCRemoteSwiftPackageReference section */

/* Begin XCSwiftPackageProductDependency section */
		5CAC9D172C846AF800BCF8FA /* SDWebImageSwiftUI */ = {
			isa = XCSwiftPackageProductDependency;
			package = 5CAC9D162C846AF800BCF8FA /* XCRemoteSwiftPackageReference "SDWebImageSwiftUI" */;
			productName = SDWebImageSwiftUI;
		};
/* End XCSwiftPackageProductDependency section */
	};
	rootObject = 5CAC9CFC2C846A4400BCF8FA /* Project object */;
}
